
Microsoft Visual Studio Solution File, Format Version 12.00
# Visual Studio 2012
Project("{FAE04EC0-301F-11D3-BF4B-00C04F79EFBC}") = "NZBStatus", "NZBStatus\NZBStatus.csproj", "{6AD3E498-EA24-4401-B557-C37EB17EA4DC}"
EndProject
Global
	GlobalSection(SolutionConfigurationPlatforms) = preSolution
		Debug|Any CPU = Debug|Any CPU
		Release|Any CPU = Release|Any CPU
	EndGlobalSection
	GlobalSection(ProjectConfigurationPlatforms) = postSolution
		{6AD3E498-EA24-4401-B557-C37EB17EA4DC}.Debug|Any CPU.ActiveCfg = Debug|Any CPU
		{6AD3E498-EA24-4401-B557-C37EB17EA4DC}.Debug|Any CPU.Build.0 = Debug|Any CPU
		{6AD3E498-EA24-4401-B557-C37EB17EA4DC}.Release|Any CPU.ActiveCfg = Release|Any CPU
		{6AD3E498-EA24-4401-B557-C37EB17EA4DC}.Release|Any CPU.Build.0 = Release|Any CPU
	EndGlobalSection
	GlobalSection(SolutionProperties) = preSolution
		HideSolutionNode = FALSE
	EndGlobalSection
EndGlobal
